{
  "name": "my-app",
  "version": "0.1.0",
  "lockfileVersion": 1,
  "requires": true,
  "dependencies": {
    "@jest/types": {
      "version": "26.6.2",
      "resolved": "https://registry.npm.taobao.org/@jest/types/download/@jest/types-26.6.2.tgz?cache=0&sync_timestamp=1607352867290&other_urls=https%3A%2F%2Fregistry.npm.taobao.org%2F%40jest%2Ftypes%2Fdownload%2F%40jest%2Ftypes-26.6.2.tgz",
      "integrity": "sha1-vvWlMgMOHYii9abZM/hOlyJu1I4=",
      "dev": true,
      "requires": {
        "@types/istanbul-lib-coverage": "^2.0.0",
        "@types/istanbul-reports": "^3.0.0",
        "@types/node": "*",
        "@types/yargs": "^15.0.0",
        "chalk": "^4.0.0"
      },
      "dependencies": {
        "ansi-styles": {
          "version": "4.3.0",
          "resolved": "https://registry.npm.taobao.org/ansi-styles/download/ansi-styles-4.3.0.tgz",
          "integrity": "sha1-7dgDYornHATIWuegkG7a00tkiTc=",
          "dev": true,
          "requires": {
            "color-convert": "^2.0.1"
          }
        },
        "chalk": {
          "version": "4.1.0",
          "resolved": "https://registry.npm.taobao.org/chalk/download/chalk-4.1.0.tgz?cache=0&sync_timestamp=1592843133653&other_urls=https%3A%2F%2Fregistry.npm.taobao.org%2Fchalk%2Fdownload%2Fchalk-4.1.0.tgz",
          "integrity": "sha1-ThSHCmGNni7dl92DRf2dncMVZGo=",
          "dev": true,
          "requires": {
            "ansi-styles": "^4.1.0",
            "supports-color": "^7.1.0"
          }
        },
        "color-convert": {
          "version": "2.0.1",
          "resolved": "https://registry.npm.taobao.org/color-convert/download/color-convert-2.0.1.tgz",
          "integrity": "sha1-ctOmjVmMm9s68q0ehPIdiWq9TeM=",
          "dev": true,
          "requires": {
            "color-name": "~1.1.4"
          }
        },
        "color-name": {
          "version": "1.1.4",
          "resolved": "https://registry.npm.taobao.org/color-name/download/color-name-1.1.4.tgz",
          "integrity": "sha1-wqCah6y95pVD3m9j+jmVyCbFNqI=",
          "dev": true
        },
        "has-flag": {
          "version": "4.0.0",
          "resolved": "https://registry.npm.taobao.org/has-flag/download/has-flag-4.0.0.tgz",
          "integrity": "sha1-lEdx/ZyByBJlxNaUGGDaBrtZR5s=",
          "dev": true
        },
        "supports-color": {
          "version": "7.2.0",
          "resolved": "https://registry.npm.taobao.org/supports-color/download/supports-color-7.2.0.tgz",
          "integrity": "sha1-G33NyzK4E4gBs+R4umpRyqiWSNo=",
          "dev": true,
          "requires": {
            "has-flag": "^4.0.0"
          }
        }
      }
    },
    "@tradeshift/elements": {
      "version": "0.19.1",
      "resolved": "https://registry.npm.taobao.org/@tradeshift/elements/download/@tradeshift/elements-0.19.1.tgz",
      "integrity": "sha1-Hd2lN5vMkMKLuTfWzm3uOMJ/N74=",
      "requires": {
        "lit-element": "^2.4.0"
      }
    },
    "@tradeshift/elements.app-icon": {
      "version": "0.19.1",
      "resolved": "https://registry.npm.taobao.org/@tradeshift/elements.app-icon/download/@tradeshift/elements.app-icon-0.19.1.tgz",
      "integrity": "sha1-+6qNNAHpTlmAyhwoobyo4esp6Gk=",
      "requires": {
        "@tradeshift/elements": "^0.19.1"
      }
    },
    "@tradeshift/elements.button": {
      "version": "0.19.1",
      "resolved": "https://registry.npm.taobao.org/@tradeshift/elements.button/download/@tradeshift/elements.button-0.19.1.tgz",
      "integrity": "sha1-HEMByKdA8j7+hED1Q6IEdDqWUJo=",
      "requires": {
        "@tradeshift/elements": "^0.19.1",
        "@tradeshift/elements.icon": "^0.19.1"
      }
    },
    "@tradeshift/elements.cover": {
      "version": "0.19.1",
      "resolved": "https://registry.npm.taobao.org/@tradeshift/elements.cover/download/@tradeshift/elements.cover-0.19.1.tgz",
      "integrity": "sha1-WfUadfQ6cA0cuRqijrpcFDzhG9Y=",
      "requires": {
        "@tradeshift/elements": "^0.19.1"
      }
    },
    "@tradeshift/elements.header": {
      "version": "0.19.1",
      "resolved": "https://registry.npm.taobao.org/@tradeshift/elements.header/download/@tradeshift/elements.header-0.19.1.tgz",
      "integrity": "sha1-SfgOOoVCZnBRxYxK9MZ/LerjiAg=",
      "requires": {
        "@tradeshift/elements": "^0.19.1",
        "@tradeshift/elements.app-icon": "^0.19.1",
        "@tradeshift/elements.icon": "^0.19.1"
      }
    },
    "@tradeshift/elements.icon": {
      "version": "0.19.1",
      "resolved": "https://registry.npm.taobao.org/@tradeshift/elements.icon/download/@tradeshift/elements.icon-0.19.1.tgz",
      "integrity": "sha1-AZDyw3sQv+xkA6+awypSoZmH94I=",
      "requires": {
        "@tradeshift/elements": "^0.19.1"
      }
    },
    "@tradeshift/elements.modal": {
      "version": "0.19.1",
      "resolved": "https://registry.npm.taobao.org/@tradeshift/elements.modal/download/@tradeshift/elements.modal-0.19.1.tgz",
      "integrity": "sha1-5MoOT8S3ZNh2Cvf5ebcunvjhzI0=",
      "requires": {
        "@tradeshift/elements": "^0.19.1",
        "@tradeshift/elements.button": "^0.19.1",
        "@tradeshift/elements.cover": "^0.19.1",
        "@tradeshift/elements.header": "^0.19.1"
      }
    },
    "@tradeshift/elements.root": {
      "version": "0.19.1",
      "resolved": "https://registry.npm.taobao.org/@tradeshift/elements.root/download/@tradeshift/elements.root-0.19.1.tgz",
      "integrity": "sha1-90bh7fitjJUfmJ1Tc1BdLqLB6IE=",
      "requires": {
        "@tradeshift/elements": "^0.19.1"
      }
    },
    "@types/istanbul-lib-coverage": {
      "version": "2.0.3",
      "resolved": "https://registry.npm.taobao.org/@types/istanbul-lib-coverage/download/@types/istanbul-lib-coverage-2.0.3.tgz",
      "integrity": "sha1-S6jdtyAiH0MuRDvV+RF/0iz9R2I=",
      "dev": true
    },
    "@types/istanbul-lib-report": {
      "version": "3.0.0",
      "resolved": "https://registry.npm.taobao.org/@types/istanbul-lib-report/download/@types/istanbul-lib-report-3.0.0.tgz",
      "integrity": "sha1-wUwk8Y6oGQwRjudWK3/5mjZVJoY=",
      "dev": true,
      "requires": {
        "@types/istanbul-lib-coverage": "*"
      }
    },
    "@types/istanbul-reports": {
      "version": "3.0.0",
      "resolved": "https://registry.npm.taobao.org/@types/istanbul-reports/download/@types/istanbul-reports-3.0.0.tgz",
      "integrity": "sha1-UIsTqjRPpJdiNOdd3cw0klc32CE=",
      "dev": true,
      "requires": {
        "@types/istanbul-lib-report": "*"
      }
    },
    "@types/jest": {
      "version": "26.0.20",
      "resolved": "https://registry.npm.taobao.org/@types/jest/download/@types/jest-26.0.20.tgz?cache=0&sync_timestamp=1610007761795&other_urls=https%3A%2F%2Fregistry.npm.taobao.org%2F%40types%2Fjest%2Fdownload%2F%40types%2Fjest-26.0.20.tgz",
      "integrity": "sha1-zS8nAuz2noa1huH1Ijpg5FQFYwc=",
      "dev": true,
      "requires": {
        "jest-diff": "^26.0.0",
        "pretty-format": "^26.0.0"
      }
    },
    "@types/node": {
      "version": "14.14.22",
      "resolved": "https://registry.npm.taobao.org/@types/node/download/@types/node-14.14.22.tgz",
      "integrity": "sha1-DSnzgkcsTM872W/wzkfa9be4Sxg=",
      "dev": true
    },
    "@types/prop-types": {
      "version": "15.7.3",
      "resolved": "https://registry.npm.taobao.org/@types/prop-types/download/@types/prop-types-15.7.3.tgz?cache=0&sync_timestamp=1605055213103&other_urls=https%3A%2F%2Fregistry.npm.taobao.org%2F%40types%2Fprop-types%2Fdownload%2F%40types%2Fprop-types-15.7.3.tgz",
      "integrity": "sha1-KrDV2i5YFflLC51LldHl8kOrLKc=",
      "dev": true
    },
    "@types/react": {
      "version": "17.0.1",
      "resolved": "https://registry.npm.taobao.org/@types/react/download/@types/react-17.0.1.tgz?cache=0&sync_timestamp=1612307459637&other_urls=https%3A%2F%2Fregistry.npm.taobao.org%2F%40types%2Freact%2Fdownload%2F%40types%2Freact-17.0.1.tgz",
      "integrity": "sha1-6x8UB96o2jvHQYecEZKqcDq5l1s=",
      "dev": true,
      "requires": {
        "@types/prop-types": "*",
        "csstype": "^3.0.2"
      }
    },
    "@types/react-dom": {
      "version": "17.0.0",
      "resolved": "https://registry.npm.taobao.org/@types/react-dom/download/@types/react-dom-17.0.0.tgz",
      "integrity": "sha1-s7aR65VsSzQBd37me5AMsoQV2Vo=",
      "dev": true,
      "requires": {
        "@types/react": "*"
      }
    },
    "@types/yargs": {
      "version": "15.0.13",
      "resolved": "https://registry.npm.taobao.org/@types/yargs/download/@types/yargs-15.0.13.tgz?cache=0&sync_timestamp=1611883417069&other_urls=https%3A%2F%2Fregistry.npm.taobao.org%2F%40types%2Fyargs%2Fdownload%2F%40types%2Fyargs-15.0.13.tgz",
      "integrity": "sha1-NPf+yLOJ1/PB/QgCaldj4HLTxtw=",
      "dev": true,
      "requires": {
        "@types/yargs-parser": "*"
      }
    },
    "@types/yargs-parser": {
      "version": "20.2.0",
      "resolved": "https://registry.npm.taobao.org/@types/yargs-parser/download/@types/yargs-parser-20.2.0.tgz?cache=0&sync_timestamp=1608751202261&other_urls=https%3A%2F%2Fregistry.npm.taobao.org%2F%40types%2Fyargs-parser%2Fdownload%2F%40types%2Fyargs-parser-20.2.0.tgz",
      "integrity": "sha1-3T5mmboyN/A0jNCF5GmHgCBIQvk=",
      "dev": true
    },
    "ansi-regex": {
      "version": "5.0.0",
      "resolved": "https://registry.npm.taobao.org/ansi-regex/download/ansi-regex-5.0.0.tgz",
      "integrity": "sha1-OIU59VF5vzkznIGvMKZU1p+Hy3U=",
      "dev": true
    },
    "csstype": {
      "version": "3.0.6",
      "resolved": "https://registry.npm.taobao.org/csstype/download/csstype-3.0.6.tgz?cache=0&sync_timestamp=1610107098407&other_urls=https%3A%2F%2Fregistry.npm.taobao.org%2Fcsstype%2Fdownload%2Fcsstype-3.0.6.tgz",
      "integrity": "sha1-hl0LWDPX2NQPTluKbXauo95HJe8=",
      "dev": true
    },
    "diff-sequences": {
      "version": "26.6.2",
      "resolved": "https://registry.npm.taobao.org/diff-sequences/download/diff-sequences-26.6.2.tgz?cache=0&sync_timestamp=1607352548704&other_urls=https%3A%2F%2Fregistry.npm.taobao.org%2Fdiff-sequences%2Fdownload%2Fdiff-sequences-26.6.2.tgz",
      "integrity": "sha1-SLqZFX3hkjQS7tQdtrbUqpynwLE=",
      "dev": true
    },
    "jest-diff": {
      "version": "26.6.2",
      "resolved": "https://registry.npm.taobao.org/jest-diff/download/jest-diff-26.6.2.tgz?cache=0&sync_timestamp=1607352694135&other_urls=https%3A%2F%2Fregistry.npm.taobao.org%2Fjest-diff%2Fdownload%2Fjest-diff-26.6.2.tgz",
      "integrity": "sha1-GqdGi1LDpo19XF/c381eSb0WQ5Q=",
      "dev": true,
      "requires": {
        "chalk": "^4.0.0",
        "diff-sequences": "^26.6.2",
        "jest-get-type": "^26.3.0",
        "pretty-format": "^26.6.2"
      },
      "dependencies": {
        "ansi-styles": {
          "version": "4.3.0",
          "resolved": "https://registry.npm.taobao.org/ansi-styles/download/ansi-styles-4.3.0.tgz",
          "integrity": "sha1-7dgDYornHATIWuegkG7a00tkiTc=",
          "dev": true,
          "requires": {
            "color-convert": "^2.0.1"
          }
        },
        "chalk": {
          "version": "4.1.0",
          "resolved": "https://registry.npm.taobao.org/chalk/download/chalk-4.1.0.tgz?cache=0&sync_timestamp=1592843133653&other_urls=https%3A%2F%2Fregistry.npm.taobao.org%2Fchalk%2Fdownload%2Fchalk-4.1.0.tgz",
          "integrity": "sha1-ThSHCmGNni7dl92DRf2dncMVZGo=",
          "dev": true,
          "requires": {
            "ansi-styles": "^4.1.0",
            "supports-color": "^7.1.0"
          }
        },
        "color-convert": {
          "version": "2.0.1",
          "resolved": "https://registry.npm.taobao.org/color-convert/download/color-convert-2.0.1.tgz",
          "integrity": "sha1-ctOmjVmMm9s68q0ehPIdiWq9TeM=",
          "dev": true,
          "requires": {
            "color-name": "~1.1.4"
          }
        },
        "color-name": {
          "version": "1.1.4",
          "resolved": "https://registry.npm.taobao.org/color-name/download/color-name-1.1.4.tgz",
          "integrity": "sha1-wqCah6y95pVD3m9j+jmVyCbFNqI=",
          "dev": true
        },
        "has-flag": {
          "version": "4.0.0",
          "resolved": "https://registry.npm.taobao.org/has-flag/download/has-flag-4.0.0.tgz",
          "integrity": "sha1-lEdx/ZyByBJlxNaUGGDaBrtZR5s=",
          "dev": true
        },
        "supports-color": {
          "version": "7.2.0",
          "resolved": "https://registry.npm.taobao.org/supports-color/download/supports-color-7.2.0.tgz",
          "integrity": "sha1-G33NyzK4E4gBs+R4umpRyqiWSNo=",
          "dev": true,
          "requires": {
            "has-flag": "^4.0.0"
          }
        }
      }
    },
    "jest-get-type": {
      "version": "26.3.0",
      "resolved": "https://registry.npm.taobao.org/jest-get-type/download/jest-get-type-26.3.0.tgz?cache=0&sync_timestamp=1607352755729&other_urls=https%3A%2F%2Fregistry.npm.taobao.org%2Fjest-get-type%2Fdownload%2Fjest-get-type-26.3.0.tgz",
      "integrity": "sha1-6X3Dw/U8K0Bsp6+u1Ek7HQmRmeA=",
      "dev": true
    },
    "js-tokens": {
      "version": "4.0.0",
      "resolved": "https://registry.npm.taobao.org/js-tokens/download/js-tokens-4.0.0.tgz",
      "integrity": "sha1-GSA/tZmR35jjoocFDUZHzerzJJk=",
      "dev": true
    },
    "lit-element": {
      "version": "2.4.0",
      "resolved": "https://registry.npm.taobao.org/lit-element/download/lit-element-2.4.0.tgz",
      "integrity": "sha1-siYHoDeo/Aj1qAc23d9/P11AFFI=",
      "requires": {
        "lit-html": "^1.1.1"
      }
    },
    "lit-html": {
      "version": "1.3.0",
      "resolved": "https://registry.npm.taobao.org/lit-html/download/lit-html-1.3.0.tgz",
      "integrity": "sha1-yA88xXk6bepsBxcr6QpwqyDlYDQ="
    },
    "loose-envify": {
      "version": "1.4.0",
      "resolved": "https://registry.npm.taobao.org/loose-envify/download/loose-envify-1.4.0.tgz",
      "integrity": "sha1-ce5R+nvkyuwaY4OffmgtgTLTDK8=",
      "dev": true,
      "requires": {
        "js-tokens": "^3.0.0 || ^4.0.0"
      }
    },
    "object-assign": {
      "version": "4.1.1",
      "resolved": "https://registry.npm.taobao.org/object-assign/download/object-assign-4.1.1.tgz",
      "integrity": "sha1-IQmtx5ZYh8/AXLvUQsrIv7s2CGM=",
      "dev": true
    },
    "pretty-format": {
      "version": "26.6.2",
      "resolved": "https://registry.npm.taobao.org/pretty-format/download/pretty-format-26.6.2.tgz",
      "integrity": "sha1-41wnBfFMt/4v6U+geDRbREEg/JM=",
      "dev": true,
      "requires": {
        "@jest/types": "^26.6.2",
        "ansi-regex": "^5.0.0",
        "ansi-styles": "^4.0.0",
        "react-is": "^17.0.1"
      },
      "dependencies": {
        "ansi-styles": {
          "version": "4.3.0",
          "resolved": "https://registry.npm.taobao.org/ansi-styles/download/ansi-styles-4.3.0.tgz",
          "integrity": "sha1-7dgDYornHATIWuegkG7a00tkiTc=",
          "dev": true,
          "requires": {
            "color-convert": "^2.0.1"
          }
        },
        "color-convert": {
          "version": "2.0.1",
          "resolved": "https://registry.npm.taobao.org/color-convert/download/color-convert-2.0.1.tgz",
          "integrity": "sha1-ctOmjVmMm9s68q0ehPIdiWq9TeM=",
          "dev": true,
          "requires": {
            "color-name": "~1.1.4"
          }
        },
        "color-name": {
          "version": "1.1.4",
          "resolved": "https://registry.npm.taobao.org/color-name/download/color-name-1.1.4.tgz",
          "integrity": "sha1-wqCah6y95pVD3m9j+jmVyCbFNqI=",
          "dev": true
        },
        "react-is": {
          "version": "17.0.1",
          "resolved": "https://registry.npm.taobao.org/react-is/download/react-is-17.0.1.tgz?cache=0&other_urls=https%3A%2F%2Fregistry.npm.taobao.org%2Freact-is%2Fdownload%2Freact-is-17.0.1.tgz",
          "integrity": "sha1-WzUxvXamRaTJ+25pPtNkGeMwEzk=",
          "dev": true
        }
      }
    },
    "react": {
      "version": "17.0.1",
      "resolved": "https://registry.npm.taobao.org/react/download/react-17.0.1.tgz?cache=0&other_urls=https%3A%2F%2Fregistry.npm.taobao.org%2Freact%2Fdownload%2Freact-17.0.1.tgz",
      "integrity": "sha1-bgYAQWvVdXTj+G2S7bo9kAhyYSc=",
      "dev": true,
      "requires": {
        "loose-envify": "^1.1.0",
        "object-assign": "^4.1.1"
      }
    },
    "react-dom": {
      "version": "17.0.1",
      "resolved": "https://registry.npm.taobao.org/react-dom/download/react-dom-17.0.1.tgz?cache=0&other_urls=https%3A%2F%2Fregistry.npm.taobao.org%2Freact-dom%2Fdownload%2Freact-dom-17.0.1.tgz",
      "integrity": "sha1-HeJWBHTsnw4zQoVmLt5S28VCb8Y=",
      "dev": true,
      "requires": {
        "loose-envify": "^1.1.0",
        "object-assign": "^4.1.1",
        "scheduler": "^0.20.1"
      }
    },
    "scheduler": {
      "version": "0.20.1",
      "resolved": "https://registry.npm.taobao.org/scheduler/download/scheduler-0.20.1.tgz?cache=0&other_urls=https%3A%2F%2Fregistry.npm.taobao.org%2Fscheduler%2Fdownload%2Fscheduler-0.20.1.tgz",
      "integrity": "sha1-2guQfiQCawEYHsvHXv3H8ntaAAw=",
      "dev": true,
      "requires": {
        "loose-envify": "^1.1.0",
        "object-assign": "^4.1.1"
      }
    },
    "typescript": {
      "version": "4.1.3",
      "resolved": "https://registry.npm.taobao.org/typescript/download/typescript-4.1.3.tgz",
      "integrity": "sha1-UZ1YK9lMugz4k0x9joRn5HP1O7c=",
      "dev": true
    },
    "webcomponents-in-react": {
      "version": "1.0.1",
      "resolved": "https://registry.npm.taobao.org/webcomponents-in-react/download/webcomponents-in-react-1.0.1.tgz",
      "integrity": "sha1-/hkQYG2urvoenYySCHbN6pzqcpk="
    }
  }
}
